// !$*UTF8*$!
{
	archiveVersion = 1;
	classes = {
	};
	objectVersion = 48;
	objects = {

/* Begin PBXBuildFile section */
		1E0FE4A120350B6C00F3798B /* AppDelegate.swift in Sources */ = {isa = PBXBuildFile; fileRef = 1E0FE4A020350B6C00F3798B /* AppDelegate.swift */; };
		1E0FE4A320350B6C00F3798B /* ViewController.swift in Sources */ = {isa = PBXBuildFile; fileRef = 1E0FE4A220350B6C00F3798B /* ViewController.swift */; };
		1E0FE4A620350B6C00F3798B /* Main.storyboard in Resources */ = {isa = PBXBuildFile; fileRef = 1E0FE4A420350B6C00F3798B /* Main.storyboard */; };
		1E0FE4A820350B6C00F3798B /* Assets.xcassets in Resources */ = {isa = PBXBuildFile; fileRef = 1E0FE4A720350B6C00F3798B /* Assets.xcassets */; };
		1E0FE4AB20350B6C00F3798B /* LaunchScreen.storyboard in Resources */ = {isa = PBXBuildFile; fileRef = 1E0FE4A920350B6C00F3798B /* LaunchScreen.storyboard */; };
		1E0FE4B620350B6C00F3798B /* RxSwiftExampleTests.swift in Sources */ = {isa = PBXBuildFile; fileRef = 1E0FE4B520350B6C00F3798B /* RxSwiftExampleTests.swift */; };
		1E0FE4C120350B6C00F3798B /* RxSwiftExampleUITests.swift in Sources */ = {isa = PBXBuildFile; fileRef = 1E0FE4C020350B6C00F3798B /* RxSwiftExampleUITests.swift */; };
		1E0FE4CF20350B9200F3798B /* CircleViewModel.swift in Sources */ = {isa = PBXBuildFile; fileRef = 1E0FE4CE20350B9200F3798B /* CircleViewModel.swift */; };
		26AFA45E40B1F2605309C932 /* Pods_RxSwiftExampleUITests.framework in Frameworks */ = {isa = PBXBuildFile; fileRef = EC35C3AD64B80CE1EAB6EE72 /* Pods_RxSwiftExampleUITests.framework */; };
		5DB4A4809A189E1D7FE3DD46 /* Pods_RxSwiftExampleTests.framework in Frameworks */ = {isa = PBXBuildFile; fileRef = E3ACBB574EA0DEC0585CCEA2 /* Pods_RxSwiftExampleTests.framework */; };
		7437F51752201E55601FC0B3 /* Pods_RxSwiftExample.framework in Frameworks */ = {isa = PBXBuildFile; fileRef = DC41A62648B0A79FD8509C84 /* Pods_RxSwiftExample.framework */; };
/* End PBXBuildFile section */

/* Begin PBXContainerItemProxy section */
		1E0FE4B220350B6C00F3798B /* PBXContainerItemProxy */ = {
			isa = PBXContainerItemProxy;
			containerPortal = 1E0FE49520350B6C00F3798B /* Project object */;
			proxyType = 1;
			remoteGlobalIDString = 1E0FE49C20350B6C00F3798B;
			remoteInfo = RxSwiftExample;
		};
		1E0FE4BD20350B6C00F3798B /* PBXContainerItemProxy */ = {
			isa = PBXContainerItemProxy;
			containerPortal = 1E0FE49520350B6C00F3798B /* Project object */;
			proxyType = 1;
			remoteGlobalIDString = 1E0FE49C20350B6C00F3798B;
			remoteInfo = RxSwiftExample;
		};
/* End PBXContainerItemProxy section */

/* Begin PBXFileReference section */
		193F2468B99504DF4B96BAE2 /* Pods-RxSwiftExampleUITests.release.xcconfig */ = {isa = PBXFileReference; includeInIndex = 1; lastKnownFileType = text.xcconfig; name = "Pods-RxSwiftExampleUITests.release.xcconfig"; path = "Pods/Target Support Files/Pods-RxSwiftExampleUITests/Pods-RxSwiftExampleUITests.release.xcconfig"; sourceTree = "<group>"; };
		1E0FE49D20350B6C00F3798B /* RxSwiftExample.app */ = {isa = PBXFileReference; explicitFileType = wrapper.application; includeInIndex = 0; path = RxSwiftExample.app; sourceTree = BUILT_PRODUCTS_DIR; };
		1E0FE4A020350B6C00F3798B /* AppDelegate.swift */ = {isa = PBXFileReference; lastKnownFileType = sourcecode.swift; path = AppDelegate.swift; sourceTree = "<group>"; };
		1E0FE4A220350B6C00F3798B /* ViewController.swift */ = {isa = PBXFileReference; lastKnownFileType = sourcecode.swift; path = ViewController.swift; sourceTree = "<group>"; };
		1E0FE4A520350B6C00F3798B /* Base */ = {isa = PBXFileReference; lastKnownFileType = file.storyboard; name = Base; path = Base.lproj/Main.storyboard; sourceTree = "<group>"; };
		1E0FE4A720350B6C00F3798B /* Assets.xcassets */ = {isa = PBXFileReference; lastKnownFileType = folder.assetcatalog; path = Assets.xcassets; sourceTree = "<group>"; };
		1E0FE4AA20350B6C00F3798B /* Base */ = {isa = PBXFileReference; lastKnownFileType = file.storyboard; name = Base; path = Base.lproj/LaunchScreen.storyboard; sourceTree = "<group>"; };
		1E0FE4AC20350B6C00F3798B /* Info.plist */ = {isa = PBXFileReference; lastKnownFileType = text.plist.xml; path = Info.plist; sourceTree = "<group>"; };
		1E0FE4B120350B6C00F3798B /* RxSwiftExampleTests.xctest */ = {isa = PBXFileReference; explicitFileType = wrapper.cfbundle; includeInIndex = 0; path = RxSwiftExampleTests.xctest; sourceTree = BUILT_PRODUCTS_DIR; };
		1E0FE4B520350B6C00F3798B /* RxSwiftExampleTests.swift */ = {isa = PBXFileReference; lastKnownFileType = sourcecode.swift; path = RxSwiftExampleTests.swift; sourceTree = "<group>"; };
		1E0FE4B720350B6C00F3798B /* Info.plist */ = {isa = PBXFileReference; lastKnownFileType = text.plist.xml; path = Info.plist; sourceTree = "<group>"; };
		1E0FE4BC20350B6C00F3798B /* RxSwiftExampleUITests.xctest */ = {isa = PBXFileReference; explicitFileType = wrapper.cfbundle; includeInIndex = 0; path = RxSwiftExampleUITests.xctest; sourceTree = BUILT_PRODUCTS_DIR; };
		1E0FE4C020350B6C00F3798B /* RxSwiftExampleUITests.swift */ = {isa = PBXFileReference; lastKnownFileType = sourcecode.swift; path = RxSwiftExampleUITests.swift; sourceTree = "<group>"; };
		1E0FE4C220350B6C00F3798B /* Info.plist */ = {isa = PBXFileReference; lastKnownFileType = text.plist.xml; path = Info.plist; sourceTree = "<group>"; };
		1E0FE4CE20350B9200F3798B /* CircleViewModel.swift */ = {isa = PBXFileReference; lastKnownFileType = sourcecode.swift; path = CircleViewModel.swift; sourceTree = "<group>"; };
		221DF2DC0FF7DB36554403A7 /* Pods-RxSwiftExample.release.xcconfig */ = {isa = PBXFileReference; includeInIndex = 1; lastKnownFileType = text.xcconfig; name = "Pods-RxSwiftExample.release.xcconfig"; path = "Pods/Target Support Files/Pods-RxSwiftExample/Pods-RxSwiftExample.release.xcconfig"; sourceTree = "<group>"; };
		4DFFEF8234A76F4DF9EA9F17 /* Pods-RxSwiftExampleUITests.debug.xcconfig */ = {isa = PBXFileReference; includeInIndex = 1; lastKnownFileType = text.xcconfig; name = "Pods-RxSwiftExampleUITests.debug.xcconfig"; path = "Pods/Target Support Files/Pods-RxSwiftExampleUITests/Pods-RxSwiftExampleUITests.debug.xcconfig"; sourceTree = "<group>"; };
		5728193F03D228DDB9C881CD /* Pods-RxSwiftExample.debug.xcconfig */ = {isa = PBXFileReference; includeInIndex = 1; lastKnownFileType = text.xcconfig; name = "Pods-RxSwiftExample.debug.xcconfig"; path = "Pods/Target Support Files/Pods-RxSwiftExample/Pods-RxSwiftExample.debug.xcconfig"; sourceTree = "<group>"; };
		7A6C43B262493D73F3CFE00B /* Pods-RxSwiftExampleTests.debug.xcconfig */ = {isa = PBXFileReference; includeInIndex = 1; lastKnownFileType = text.xcconfig; name = "Pods-RxSwiftExampleTests.debug.xcconfig"; path = "Pods/Target Support Files/Pods-RxSwiftExampleTests/Pods-RxSwiftExampleTests.debug.xcconfig"; sourceTree = "<group>"; };
		BE179BA557E082CC1A034D2D /* Pods-RxSwiftExampleTests.release.xcconfig */ = {isa = PBXFileReference; includeInIndex = 1; lastKnownFileType = text.xcconfig; name = "Pods-RxSwiftExampleTests.release.xcconfig"; path = "Pods/Target Support Files/Pods-RxSwiftExampleTests/Pods-RxSwiftExampleTests.release.xcconfig"; sourceTree = "<group>"; };
		DC41A62648B0A79FD8509C84 /* Pods_RxSwiftExample.framework */ = {isa = PBXFileReference; explicitFileType = wrapper.framework; includeInIndex = 0; path = Pods_RxSwiftExample.framework; sourceTree = BUILT_PRODUCTS_DIR; };
		E3ACBB574EA0DEC0585CCEA2 /* Pods_RxSwiftExampleTests.framework */ = {isa = PBXFileReference; explicitFileType = wrapper.framework; includeInIndex = 0; path = Pods_RxSwiftExampleTests.framework; sourceTree = BUILT_PRODUCTS_DIR; };
		EC35C3AD64B80CE1EAB6EE72 /* Pods_RxSwiftExampleUITests.framework */ = {isa = PBXFileReference; explicitFileType = wrapper.framework; includeInIndex = 0; path = Pods_RxSwiftExampleUITests.framework; sourceTree = BUILT_PRODUCTS_DIR; };
/* End PBXFileReference section */

/* Begin PBXFrameworksBuildPhase section */
		1E0FE49A20350B6C00F3798B /* Frameworks */ = {
			isa = PBXFrameworksBuildPhase;
			buildActionMask = 2147483647;
			files = (
				7437F51752201E55601FC0B3 /* Pods_RxSwiftExample.framework in Frameworks */,
			);
			runOnlyForDeploymentPostprocessing = 0;
		};
		1E0FE4AE20350B6C00F3798B /* Frameworks */ = {
			isa = PBXFrameworksBuildPhase;
			buildActionMask = 2147483647;
			files = (
				5DB4A4809A189E1D7FE3DD46 /* Pods_RxSwiftExampleTests.framework in Frameworks */,
			);
			runOnlyForDeploymentPostprocessing = 0;
		};
		1E0FE4B920350B6C00F3798B /* Frameworks */ = {
			isa = PBXFrameworksBuildPhase;
			buildActionMask = 2147483647;
			files = (
				26AFA45E40B1F2605309C932 /* Pods_RxSwiftExampleUITests.framework in Frameworks */,
			);
			runOnlyForDeploymentPostprocessing = 0;
		};
/* End PBXFrameworksBuildPhase section */

/* Begin PBXGroup section */
		1E0FE49420350B6C00F3798B = {
			isa = PBXGroup;
			children = (
				1E0FE49F20350B6C00F3798B /* RxSwiftExample */,
				1E0FE4B420350B6C00F3798B /* RxSwiftExampleTests */,
				1E0FE4BF20350B6C00F3798B /* RxSwiftExampleUITests */,
				1E0FE49E20350B6C00F3798B /* Products */,
				F5230A80722505472C0778EA /* Pods */,
				62DEE0BF0A0BC2A1EA86C225 /* Frameworks */,
			);
			sourceTree = "<group>";
		};
		1E0FE49E20350B6C00F3798B /* Products */ = {
			isa = PBXGroup;
			children = (
				1E0FE49D20350B6C00F3798B /* RxSwiftExample.app */,
				1E0FE4B120350B6C00F3798B /* RxSwiftExampleTests.xctest */,
				1E0FE4BC20350B6C00F3798B /* RxSwiftExampleUITests.xctest */,
			);
			name = Products;
			sourceTree = "<group>";
		};
		1E0FE49F20350B6C00F3798B /* RxSwiftExample */ = {
			isa = PBXGroup;
			children = (
				1E0FE4A020350B6C00F3798B /* AppDelegate.swift */,
				1E0FE4A220350B6C00F3798B /* ViewController.swift */,
				1E0FE4CE20350B9200F3798B /* CircleViewModel.swift */,
				1E0FE4A420350B6C00F3798B /* Main.storyboard */,
				1E0FE4A720350B6C00F3798B /* Assets.xcassets */,
				1E0FE4A920350B6C00F3798B /* LaunchScreen.storyboard */,
				1E0FE4AC20350B6C00F3798B /* Info.plist */,
			);
			path = RxSwiftExample;
			sourceTree = "<group>";
		};
		1E0FE4B420350B6C00F3798B /* RxSwiftExampleTests */ = {
			isa = PBXGroup;
			children = (
				1E0FE4B520350B6C00F3798B /* RxSwiftExampleTests.swift */,
				1E0FE4B720350B6C00F3798B /* Info.plist */,
			);
			path = RxSwiftExampleTests;
			sourceTree = "<group>";
		};
		1E0FE4BF20350B6C00F3798B /* RxSwiftExampleUITests */ = {
			isa = PBXGroup;
			children = (
				1E0FE4C020350B6C00F3798B /* RxSwiftExampleUITests.swift */,
				1E0FE4C220350B6C00F3798B /* Info.plist */,
			);
			path = RxSwiftExampleUITests;
			sourceTree = "<group>";
		};
		62DEE0BF0A0BC2A1EA86C225 /* Frameworks */ = {
			isa = PBXGroup;
			children = (
				DC41A62648B0A79FD8509C84 /* Pods_RxSwiftExample.framework */,
				E3ACBB574EA0DEC0585CCEA2 /* Pods_RxSwiftExampleTests.framework */,
				EC35C3AD64B80CE1EAB6EE72 /* Pods_RxSwiftExampleUITests.framework */,
			);
			name = Frameworks;
			sourceTree = "<group>";
		};
		F5230A80722505472C0778EA /* Pods */ = {
			isa = PBXGroup;
			children = (
				5728193F03D228DDB9C881CD /* Pods-RxSwiftExample.debug.xcconfig */,
				221DF2DC0FF7DB36554403A7 /* Pods-RxSwiftExample.release.xcconfig */,
				7A6C43B262493D73F3CFE00B /* Pods-RxSwiftExampleTests.debug.xcconfig */,
				BE179BA557E082CC1A034D2D /* Pods-RxSwiftExampleTests.release.xcconfig */,
				4DFFEF8234A76F4DF9EA9F17 /* Pods-RxSwiftExampleUITests.debug.xcconfig */,
				193F2468B99504DF4B96BAE2 /* Pods-RxSwiftExampleUITests.release.xcconfig */,
			);
			name = Pods;
			sourceTree = "<group>";
		};
/* End PBXGroup section */

/* Begin PBXNativeTarget section */
		1E0FE49C20350B6C00F3798B /* RxSwiftExample */ = {
			isa = PBXNativeTarget;
			buildConfigurationList = 1E0FE4C520350B6C00F3798B /* Build configuration list for PBXNativeTarget "RxSwiftExample" */;
			buildPhases = (
				C6592A229ABE05F35BA5F5CF /* [CP] Check Pods Manifest.lock */,
				1E0FE49920350B6C00F3798B /* Sources */,
				1E0FE49A20350B6C00F3798B /* Frameworks */,
				1E0FE49B20350B6C00F3798B /* Resources */,
				07205656B51A3FF3FF036130 /* [CP] Embed Pods Frameworks */,
				8EE47B7B3434E5F66618626D /* [CP] Copy Pods Resources */,
			);
			buildRules = (
			);
			dependencies = (
			);
			name = RxSwiftExample;
			productName = RxSwiftExample;
			productReference = 1E0FE49D20350B6C00F3798B /* RxSwiftExample.app */;
			productType = "com.apple.product-type.application";
		};
		1E0FE4B020350B6C00F3798B /* RxSwiftExampleTests */ = {
			isa = PBXNativeTarget;
			buildConfigurationList = 1E0FE4C820350B6C00F3798B /* Build configuration list for PBXNativeTarget "RxSwiftExampleTests" */;
			buildPhases = (
				94B8DF4701D2FF683DCD3FEB /* [CP] Check Pods Manifest.lock */,
				1E0FE4AD20350B6C00F3798B /* Sources */,
				1E0FE4AE20350B6C00F3798B /* Frameworks */,
				1E0FE4AF20350B6C00F3798B /* Resources */,
				54932327F49C91F4C783E75B /* [CP] Embed Pods Frameworks */,
				7BD5D5BDF9AE23C3A51D792D /* [CP] Copy Pods Resources */,
			);
			buildRules = (
			);
			dependencies = (
				1E0FE4B320350B6C00F3798B /* PBXTargetDependency */,
			);
			name = RxSwiftExampleTests;
			productName = RxSwiftExampleTests;
			productReference = 1E0FE4B120350B6C00F3798B /* RxSwiftExampleTests.xctest */;
			productType = "com.apple.product-type.bundle.unit-test";
		};
		1E0FE4BB20350B6C00F3798B /* RxSwiftExampleUITests */ = {
			isa = PBXNativeTarget;
			buildConfigurationList = 1E0FE4CB20350B6C00F3798B /* Build configuration list for PBXNativeTarget "RxSwiftExampleUITests" */;
			buildPhases = (
				EFEFBCB6FCB177544BC9ADD3 /* [CP] Check Pods Manifest.lock */,
				1E0FE4B820350B6C00F3798B /* Sources */,
				1E0FE4B920350B6C00F3798B /* Frameworks */,
				1E0FE4BA20350B6C00F3798B /* Resources */,
				D604C27B0EA6AAABEB9FD6C0 /* [CP] Embed Pods Frameworks */,
				B73090928429341D8F4AC525 /* [CP] Copy Pods Resources */,
			);
			buildRules = (
			);
			dependencies = (
				1E0FE4BE20350B6C00F3798B /* PBXTargetDependency */,
			);
			name = RxSwiftExampleUITests;
			productName = RxSwiftExampleUITests;
			productReference = 1E0FE4BC20350B6C00F3798B /* RxSwiftExampleUITests.xctest */;
			productType = "com.apple.product-type.bundle.ui-testing";
		};
/* End PBXNativeTarget section */

/* Begin PBXProject section */
		1E0FE49520350B6C00F3798B /* Project object */ = {
			isa = PBXProject;
			attributes = {
				LastSwiftUpdateCheck = 0920;
				LastUpgradeCheck = 0920;
				ORGANIZATIONNAME = Mobdev125;
				TargetAttributes = {
					1E0FE49C20350B6C00F3798B = {
						CreatedOnToolsVersion = 9.2;
						ProvisioningStyle = Automatic;
					};
					1E0FE4B020350B6C00F3798B = {
						CreatedOnToolsVersion = 9.2;
						ProvisioningStyle = Automatic;
						TestTargetID = 1E0FE49C20350B6C00F3798B;
					};
					1E0FE4BB20350B6C00F3798B = {
						CreatedOnToolsVersion = 9.2;
						ProvisioningStyle = Automatic;
						TestTargetID = 1E0FE49C20350B6C00F3798B;
					};
				};
			};
			buildConfigurationList = 1E0FE49820350B6C00F3798B /* Build configuration list for PBXProject "RxSwiftExample" */;
			compatibilityVersion = "Xcode 8.0";
			developmentRegion = en;
			hasScannedForEncodings = 0;
			knownRegions = (
				en,
				Base,
			);
			mainGroup = 1E0FE49420350B6C00F3798B;
			productRefGroup = 1E0FE49E20350B6C00F3798B /* Products */;
			projectDirPath = "";
			projectRoot = "";
			targets = (
				1E0FE49C20350B6C00F3798B /* RxSwiftExample */,
				1E0FE4B020350B6C00F3798B /* RxSwiftExampleTests */,
				1E0FE4BB20350B6C00F3798B /* RxSwiftExampleUITests */,
			);
		};
/* End PBXProject section */

/* Begin PBXResourcesBuildPhase section */
		1E0FE49B20350B6C00F3798B /* Resources */ = {
			isa = PBXResourcesBuildPhase;
			buildActionMask = 2147483647;
			files = (
				1E0FE4AB20350B6C00F3798B /* LaunchScreen.storyboard in Resources */,
				1E0FE4A820350B6C00F3798B /* Assets.xcassets in Resources */,
				1E0FE4A620350B6C00F3798B /* Main.storyboard in Resources */,
			);
			runOnlyForDeploymentPostprocessing = 0;
		};
		1E0FE4AF20350B6C00F3798B /* Resources */ = {
			isa = PBXResourcesBuildPhase;
			buildActionMask = 2147483647;
			files = (
			);
			runOnlyForDeploymentPostprocessing = 0;
		};
		1E0FE4BA20350B6C00F3798B /* Resources */ = {
			isa = PBXResourcesBuildPhase;
			buildActionMask = 2147483647;
			files = (
			);
			runOnlyForDeploymentPostprocessing = 0;
		};
/* End PBXResourcesBuildPhase section */

/* Begin PBXShellScriptBuildPhase section */
		07205656B51A3FF3FF036130 /* [CP] Embed Pods Frameworks */ = {
			isa = PBXShellScriptBuildPhase;
			buildActionMask = 2147483647;
			files = (
			);
			inputPaths = (
				"${SRCROOT}/Pods/Target Support Files/Pods-RxSwiftExample/Pods-RxSwiftExample-frameworks.sh",
				"${BUILT_PRODUCTS_DIR}/ChameleonFramework/ChameleonFramework.framework",
				"${BUILT_PRODUCTS_DIR}/RxCocoa/RxCocoa.framework",
				"${BUILT_PRODUCTS_DIR}/RxSwift/RxSwift.framework",
			);
			name = "[CP] Embed Pods Frameworks";
			outputPaths = (
				"${TARGET_BUILD_DIR}/${FRAMEWORKS_FOLDER_PATH}/ChameleonFramework.framework",
				"${TARGET_BUILD_DIR}/${FRAMEWORKS_FOLDER_PATH}/RxCocoa.framework",
				"${TARGET_BUILD_DIR}/${FRAMEWORKS_FOLDER_PATH}/RxSwift.framework",
			);
			runOnlyForDeploymentPostprocessing = 0;
			shellPath = /bin/sh;
			shellScript = "\"${SRCROOT}/Pods/Target Support Files/Pods-RxSwiftExample/Pods-RxSwiftExample-frameworks.sh\"\n";
			showEnvVarsInLog = 0;
		};
		54932327F49C91F4C783E75B /* [CP] Embed Pods Frameworks */ = {
			isa = PBXShellScriptBuildPhase;
			buildActionMask = 2147483647;
			files = (
			);
			inputPaths = (
			);
			name = "[CP] Embed Pods Frameworks";
			outputPaths = (
			);
			runOnlyForDeploymentPostprocessing = 0;
			shellPath = /bin/sh;
			shellScript = "\"${SRCROOT}/Pods/Target Support Files/Pods-RxSwiftExampleTests/Pods-RxSwiftExampleTests-frameworks.sh\"\n";
			showEnvVarsInLog = 0;
		};
		7BD5D5BDF9AE23C3A51D792D /* [CP] Copy Pods Resources */ = {
			isa = PBXShellScriptBuildPhase;
			buildActionMask = 2147483647;
			files = (
			);
			inputPaths = (
			);
			name = "[CP] Copy Pods Resources";
			outputPaths = (
			);
			runOnlyForDeploymentPostprocessing = 0;
			shellPath = /bin/sh;
			shellScript = "\"${SRCROOT}/Pods/Target Support Files/Pods-RxSwiftExampleTests/Pods-RxSwiftExampleTests-resources.sh\"\n";
			showEnvVarsInLog = 0;
		};
		8EE47B7B3434E5F66618626D /* [CP] Copy Pods Resources */ = {
			isa = PBXShellScriptBuildPhase;
			buildActionMask = 2147483647;
			files = (
			);
			inputPaths = (
			);
			name = "[CP] Copy Pods Resources";
			outputPaths = (
			);
			runOnlyForDeploymentPostprocessing = 0;
			shellPath = /bin/sh;
			shellScript = "\"${SRCROOT}/Pods/Target Support Files/Pods-RxSwiftExample/Pods-RxSwiftExample-resources.sh\"\n";
			showEnvVarsInLog = 0;
		};
		94B8DF4701D2FF683DCD3FEB /* [CP] Check Pods Manifest.lock */ = {
			isa = PBXShellScriptBuildPhase;
			buildActionMask = 2147483647;
			files = (
			);
			inputPaths = (
				"${PODS_PODFILE_DIR_PATH}/Podfile.lock",
				"${PODS_ROOT}/Manifest.lock",
			);
			name = "[CP] Check Pods Manifest.lock";
			outputPaths = (
				"$(DERIVED_FILE_DIR)/Pods-RxSwiftExampleTests-checkManifestLockResult.txt",
			);
			runOnlyForDeploymentPostprocessing = 0;
			shellPath = /bin/sh;
			shellScript = "diff \"${PODS_PODFILE_DIR_PATH}/Podfile.lock\" \"${PODS_ROOT}/Manifest.lock\" > /dev/null\nif [ $? != 0 ] ; then\n    # print error to STDERR\n    echo \"error: The sandbox is not in sync with the Podfile.lock. Run 'pod install' or update your CocoaPods installation.\" >&2\n    exit 1\nfi\n# This output is used by Xcode 'outputs' to avoid re-running this script phase.\necho \"SUCCESS\" > \"${SCRIPT_OUTPUT_FILE_0}\"\n";
			showEnvVarsInLog = 0;
		};
		B73090928429341D8F4AC525 /* [CP] Copy Pods Resources */ = {
			isa = PBXShellScriptBuildPhase;
			buildActionMask = 2147483647;
			files = (
			);
			inputPaths = (
			);
			name = "[CP] Copy Pods Resources";
			outputPaths = (
			);
			runOnlyForDeploymentPostprocessing = 0;
			shellPath = /bin/sh;
			shellScript = "\"${SRCROOT}/Pods/Target Support Files/Pods-RxSwiftExampleUITests/Pods-RxSwiftExampleUITests-resources.sh\"\n";
			showEnvVarsInLog = 0;
		};
		C6592A229ABE05F35BA5F5CF /* [CP] Check Pods Manifest.lock */ = {
			isa = PBXShellScriptBuildPhase;
			buildActionMask = 2147483647;
			files = (
			);
			inputPaths = (
				"${PODS_PODFILE_DIR_PATH}/Podfile.lock",
				"${PODS_ROOT}/Manifest.lock",
			);
			name = "[CP] Check Pods Manifest.lock";
			outputPaths = (
				"$(DERIVED_FILE_DIR)/Pods-RxSwiftExample-checkManifestLockResult.txt",
			);
			runOnlyForDeploymentPostprocessing = 0;
			shellPath = /bin/sh;
			shellScript = "diff \"${PODS_PODFILE_DIR_PATH}/Podfile.lock\" \"${PODS_ROOT}/Manifest.lock\" > /dev/null\nif [ $? != 0 ] ; then\n    # print error to STDERR\n    echo \"error: The sandbox is not in sync with the Podfile.lock. Run 'pod install' or update your CocoaPods installation.\" >&2\n    exit 1\nfi\n# This output is used by Xcode 'outputs' to avoid re-running this script phase.\necho \"SUCCESS\" > \"${SCRIPT_OUTPUT_FILE_0}\"\n";
			showEnvVarsInLog = 0;
		};
		D604C27B0EA6AAABEB9FD6C0 /* [CP] Embed Pods Frameworks */ = {
			isa = PBXShellScriptBuildPhase;
			buildActionMask = 2147483647;
			files = (
			);
			inputPaths = (
			);
			name = "[CP] Embed Pods Frameworks";
			outputPaths = (
			);
			runOnlyForDeploymentPostprocessing = 0;
			shellPath = /bin/sh;
			shellScript = "\"${SRCROOT}/Pods/Target Support Files/Pods-RxSwiftExampleUITests/Pods-RxSwiftExampleUITests-frameworks.sh\"\n";
			showEnvVarsInLog = 0;
		};
		EFEFBCB6FCB177544BC9ADD3 /* [CP] Check Pods Manifest.lock */ = {
			isa = PBXShellScriptBuildPhase;
			buildActionMask = 2147483647;
			files = (
			);
			inputPaths = (
				"${PODS_PODFILE_DIR_PATH}/Podfile.lock",
				"${PODS_ROOT}/Manifest.lock",
			);
			name = "[CP] Check Pods Manifest.lock";
			outputPaths = (
				"$(DERIVED_FILE_DIR)/Pods-RxSwiftExampleUITests-checkManifestLockResult.txt",
			);
			runOnlyForDeploymentPostprocessing = 0;
			shellPath = /bin/sh;
			shellScript = "diff \"${PODS_PODFILE_DIR_PATH}/Podfile.lock\" \"${PODS_ROOT}/Manifest.lock\" > /dev/null\nif [ $? != 0 ] ; then\n    # print error to STDERR\n    echo \"error: The sandbox is not in sync with the Podfile.lock. Run 'pod install' or update your CocoaPods installation.\" >&2\n    exit 1\nfi\n# This output is used by Xcode 'outputs' to avoid re-running this script phase.\necho \"SUCCESS\" > \"${SCRIPT_OUTPUT_FILE_0}\"\n";
			showEnvVarsInLog = 0;
		};
/* End PBXShellScriptBuildPhase section */

/* Begin PBXSourcesBuildPhase section */
		1E0FE49920350B6C00F3798B /* Sources */ = {
			isa = PBXSourcesBuildPhase;
			buildActionMask = 2147483647;
			files = (
				1E0FE4CF20350B9200F3798B /* CircleViewModel.swift in Sources */,
				1E0FE4A320350B6C00F3798B /* ViewController.swift in Sources */,
				1E0FE4A120350B6C00F3798B /* AppDelegate.swift in Sources */,
			);
			runOnlyForDeploymentPostprocessing = 0;
		};
		1E0FE4AD20350B6C00F3798B /* Sources */ = {
			isa = PBXSourcesBuildPhase;
			buildActionMask = 2147483647;
			files = (
				1E0FE4B620350B6C00F3798B /* RxSwiftExampleTests.swift in Sources */,
			);
			runOnlyForDeploymentPostprocessing = 0;
		};
		1E0FE4B820350B6C00F3798B /* Sources */ = {
			isa = PBXSourcesBuildPhase;
			buildActionMask = 2147483647;
			files = (
				1E0FE4C120350B6C00F3798B /* RxSwiftExampleUITests.swift in Sources */,
			);
			runOnlyForDeploymentPostprocessing = 0;
		};
/* End PBXSourcesBuildPhase section */

/* Begin PBXTargetDependency section */
		1E0FE4B320350B6C00F3798B /* PBXTargetDependency */ = {
			isa = PBXTargetDependency;
			target = 1E0FE49C20350B6C00F3798B /* RxSwiftExample */;
			targetProxy = 1E0FE4B220350B6C00F3798B /* PBXContainerItemProxy */;
		};
		1E0FE4BE20350B6C00F3798B /* PBXTargetDependency */ = {
			isa = PBXTargetDependency;
			target = 1E0FE49C20350B6C00F3798B /* RxSwiftExample */;
			targetProxy = 1E0FE4BD20350B6C00F3798B /* PBXContainerItemProxy */;
		};
/* End PBXTargetDependency section */

/* Begin PBXVariantGroup section */
		1E0FE4A420350B6C00F3798B /* Main.storyboard */ = {
			isa = PBXVariantGroup;
			children = (
				1E0FE4A520350B6C00F3798B /* Base */,
			);
			name = Main.storyboard;
			sourceTree = "<group>";
		};
		1E0FE4A920350B6C00F3798B /* LaunchScreen.storyboard */ = {
			isa = PBXVariantGroup;
			children = (
				1E0FE4AA20350B6C00F3798B /* Base */,
			);
			name = LaunchScreen.storyboard;
			sourceTree = "<group>";
		};
/* End PBXVariantGroup section */

/* Begin XCBuildConfiguration section */
		1E0FE4C320350B6C00F3798B /* Debug */ = {
			isa = XCBuildConfiguration;
			buildSettings = {
				ALWAYS_SEARCH_USER_PATHS = NO;
				CLANG_ANALYZER_NONNULL = YES;
				CLANG_ANALYZER_NUMBER_OBJECT_CONVERSION = YES_AGGRESSIVE;
				CLANG_CXX_LANGUAGE_STANDARD = "gnu++14";
				CLANG_CXX_LIBRARY = "libc++";
				CLANG_ENABLE_MODULES = YES;
				CLANG_ENABLE_OBJC_ARC = YES;
				CLANG_WARN_BLOCK_CAPTURE_AUTORELEASING = YES;
				CLANG_WARN_BOOL_CONVERSION = YES;
				CLANG_WARN_COMMA = YES;
				CLANG_WARN_CONSTANT_CONVERSION = YES;
				CLANG_WARN_DIRECT_OBJC_ISA_USAGE = YES_ERROR;
				CLANG_WARN_DOCUMENTATION_COMMENTS = YES;
				CLANG_WARN_EMPTY_BODY = YES;
				CLANG_WARN_ENUM_CONVERSION = YES;
				CLANG_WARN_INFINITE_RECURSION = YES;
				CLANG_WARN_INT_CONVERSION = YES;
				CLANG_WARN_NON_LITERAL_NULL_CONVERSION = YES;
				CLANG_WARN_OBJC_LITERAL_CONVERSION = YES;
				CLANG_WARN_OBJC_ROOT_CLASS = YES_ERROR;
				CLANG_WARN_RANGE_LOOP_ANALYSIS = YES;
				CLANG_WARN_STRICT_PROTOTYPES = YES;
				CLANG_WARN_SUSPICIOUS_MOVE = YES;
				CLANG_WARN_UNGUARDED_AVAILABILITY = YES_AGGRESSIVE;
				CLANG_WARN_UNREACHABLE_CODE = YES;
				CLANG_WARN__DUPLICATE_METHOD_MATCH = YES;
				CODE_SIGN_IDENTITY = "iPhone Developer";
				COPY_PHASE_STRIP = NO;
				DEBUG_INFORMATION_FORMAT = dwarf;
				ENABLE_STRICT_OBJC_MSGSEND = YES;
				ENABLE_TESTABILITY = YES;
				GCC_C_LANGUAGE_STANDARD = gnu11;
				GCC_DYNAMIC_NO_PIC = NO;
				GCC_NO_COMMON_BLOCKS = YES;
				GCC_OPTIMIZATION_LEVEL = 0;
				GCC_PREPROCESSOR_DEFINITIONS = (
					"DEBUG=1",
					"$(inherited)",
				);
				GCC_WARN_64_TO_32_BIT_CONVERSION = YES;
				GCC_WARN_ABOUT_RETURN_TYPE = YES_ERROR;
				GCC_WARN_UNDECLARED_SELECTOR = YES;
				GCC_WARN_UNINITIALIZED_AUTOS = YES_AGGRESSIVE;
				GCC_WARN_UNUSED_FUNCTION = YES;
				GCC_WARN_UNUSED_VARIABLE = YES;
				IPHONEOS_DEPLOYMENT_TARGET = 11.2;
				MTL_ENABLE_DEBUG_INFO = YES;
				ONLY_ACTIVE_ARCH = YES;
				SDKROOT = iphoneos;
				SWIFT_ACTIVE_COMPILATION_CONDITIONS = DEBUG;
				SWIFT_OPTIMIZATION_LEVEL = "-Onone";
			};
			name = Debug;
		};
		1E0FE4C420350B6C00F3798B /* Release */ = {
			isa = XCBuildConfiguration;
			buildSettings = {
				ALWAYS_SEARCH_USER_PATHS = NO;
				CLANG_ANALYZER_NONNULL = YES;
				CLANG_ANALYZER_NUMBER_OBJECT_CONVERSION = YES_AGGRESSIVE;
				CLANG_CXX_LANGUAGE_STANDARD = "gnu++14";
				CLANG_CXX_LIBRARY = "libc++";
				CLANG_ENABLE_MODULES = YES;
				CLANG_ENABLE_OBJC_ARC = YES;
				CLANG_WARN_BLOCK_CAPTURE_AUTORELEASING = YES;
				CLANG_WARN_BOOL_CONVERSION = YES;
				CLANG_WARN_COMMA = YES;
				CLANG_WARN_CONSTANT_CONVERSION = YES;
				CLANG_WARN_DIRECT_OBJC_ISA_USAGE = YES_ERROR;
				CLANG_WARN_DOCUMENTATION_COMMENTS = YES;
				CLANG_WARN_EMPTY_BODY = YES;
				CLANG_WARN_ENUM_CONVERSION = YES;
				CLANG_WARN_INFINITE_RECURSION = YES;
				CLANG_WARN_INT_CONVERSION = YES;
				CLANG_WARN_NON_LITERAL_NULL_CONVERSION = YES;
				CLANG_WARN_OBJC_LITERAL_CONVERSION = YES;
				CLANG_WARN_OBJC_ROOT_CLASS = YES_ERROR;
				CLANG_WARN_RANGE_LOOP_ANALYSIS = YES;
				CLANG_WARN_STRICT_PROTOTYPES = YES;
				CLANG_WARN_SUSPICIOUS_MOVE = YES;
				CLANG_WARN_UNGUARDED_AVAILABILITY = YES_AGGRESSIVE;
				CLANG_WARN_UNREACHABLE_CODE = YES;
				CLANG_WARN__DUPLICATE_METHOD_MATCH = YES;
				CODE_SIGN_IDENTITY = "iPhone Developer";
				COPY_PHASE_STRIP = NO;
				DEBUG_INFORMATION_FORMAT = "dwarf-with-dsym";
				ENABLE_NS_ASSERTIONS = NO;
				ENABLE_STRICT_OBJC_MSGSEND = YES;
				GCC_C_LANGUAGE_STANDARD = gnu11;
				GCC_NO_COMMON_BLOCKS = YES;
				GCC_WARN_64_TO_32_BIT_CONVERSION = YES;
				GCC_WARN_ABOUT_RETURN_TYPE = YES_ERROR;
				GCC_WARN_UNDECLARED_SELECTOR = YES;
				GCC_WARN_UNINITIALIZED_AUTOS = YES_AGGRESSIVE;
				GCC_WARN_UNUSED_FUNCTION = YES;
				GCC_WARN_UNUSED_VARIABLE = YES;
				IPHONEOS_DEPLOYMENT_TARGET = 11.2;
				MTL_ENABLE_DEBUG_INFO = NO;
				SDKROOT = iphoneos;
				SWIFT_OPTIMIZATION_LEVEL = "-Owholemodule";
				VALIDATE_PRODUCT = YES;
			};
			name = Release;
		};
		1E0FE4C620350B6C00F3798B /* Debug */ = {
			isa = XCBuildConfiguration;
			baseConfigurationReference = 5728193F03D228DDB9C881CD /* Pods-RxSwiftExample.debug.xcconfig */;
			buildSettings = {
				ASSETCATALOG_COMPILER_APPICON_NAME = AppIcon;
				CODE_SIGN_STYLE = Automatic;
				INFOPLIST_FILE = RxSwiftExample/Info.plist;
				LD_RUNPATH_SEARCH_PATHS = "$(inherited) @executable_path/Frameworks";
				PRODUCT_BUNDLE_IDENTIFIER = com.mobdev.RxSwiftExample;
				PRODUCT_NAME = "$(TARGET_NAME)";
				SWIFT_VERSION = 4.0;
				TARGETED_DEVICE_FAMILY = "1,2";
			};
			name = Debug;
		};
		1E0FE4C720350B6C00F3798B /* Release */ = {
			isa = XCBuildConfiguration;
			baseConfigurationReference = 221DF2DC0FF7DB36554403A7 /* Pods-RxSwiftExample.release.xcconfig */;
			buildSettings = {
				ASSETCATALOG_COMPILER_APPICON_NAME = AppIcon;
				CODE_SIGN_STYLE = Automatic;
				INFOPLIST_FILE = RxSwiftExample/Info.plist;
				LD_RUNPATH_SEARCH_PATHS = "$(inherited) @executable_path/Frameworks";
				PRODUCT_BUNDLE_IDENTIFIER = com.mobdev.RxSwiftExample;
				PRODUCT_NAME = "$(TARGET_NAME)";
				SWIFT_VERSION = 4.0;
				TARGETED_DEVICE_FAMILY = "1,2";
			};
			name = Release;
		};
		1E0FE4C920350B6C00F3798B /* Debug */ = {
			isa = XCBuildConfiguration;
			baseConfigurationReference = 7A6C43B262493D73F3CFE00B /* Pods-RxSwiftExampleTests.debug.xcconfig */;
			buildSettings = {
				ALWAYS_EMBED_SWIFT_STANDARD_LIBRARIES = YES;
				BUNDLE_LOADER = "$(TEST_HOST)";
				CODE_SIGN_STYLE = Automatic;
				INFOPLIST_FILE = RxSwiftExampleTests/Info.plist;
				LD_RUNPATH_SEARCH_PATHS = "$(inherited) @executable_path/Frameworks @loader_path/Frameworks";
				PRODUCT_BUNDLE_IDENTIFIER = com.mobdev.RxSwiftExampleTests;
				PRODUCT_NAME = "$(TARGET_NAME)";
				SWIFT_VERSION = 4.0;
				TARGETED_DEVICE_FAMILY = "1,2";
				TEST_HOST = "$(BUILT_PRODUCTS_DIR)/RxSwiftExample.app/RxSwiftExample";
			};
			name = Debug;
		};
		1E0FE4CA20350B6C00F3798B /* Release */ = {
			isa = XCBuildConfiguration;
			baseConfigurationReference = BE179BA557E082CC1A034D2D /* Pods-RxSwiftExampleTests.release.xcconfig */;
			buildSettings = {
				ALWAYS_EMBED_SWIFT_STANDARD_LIBRARIES = YES;
				BUNDLE_LOADER = "$(TEST_HOST)";
				CODE_SIGN_STYLE = Automatic;
				INFOPLIST_FILE = RxSwiftExampleTests/Info.plist;
				LD_RUNPATH_SEARCH_PATHS = "$(inherited) @executable_path/Frameworks @loader_path/Frameworks";
				PRODUCT_BUNDLE_IDENTIFIER = com.mobdev.RxSwiftExampleTests;
				PRODUCT_NAME = "$(TARGET_NAME)";
				SWIFT_VERSION = 4.0;
				TARGETED_DEVICE_FAMILY = "1,2";
				TEST_HOST = "$(BUILT_PRODUCTS_DIR)/RxSwiftExample.app/RxSwiftExample";
			};
			name = Release;
		};
		1E0FE4CC20350B6C00F3798B /* Debug */ = {
			isa = XCBuildConfiguration;
			baseConfigurationReference = 4DFFEF8234A76F4DF9EA9F17 /* Pods-RxSwiftExampleUITests.debug.xcconfig */;
			buildSettings = {
				ALWAYS_EMBED_SWIFT_STANDARD_LIBRARIES = YES;
				CODE_SIGN_STYLE = Automatic;
				INFOPLIST_FILE = RxSwiftExampleUITests/Info.plist;
				LD_RUNPATH_SEARCH_PATHS = "$(inherited) @executable_path/Frameworks @loader_path/Frameworks";
				PRODUCT_BUNDLE_IDENTIFIER = com.mobdev.RxSwiftExampleUITests;
				PRODUCT_NAME = "$(TARGET_NAME)";
				SWIFT_VERSION = 4.0;
				TARGETED_DEVICE_FAMILY = "1,2";
				TEST_TARGET_NAME = RxSwiftExample;
			};
			name = Debug;
		};
		1E0FE4CD20350B6C00F3798B /* Release */ = {
			isa = XCBuildConfiguration;
			baseConfigurationReference = 193F2468B99504DF4B96BAE2 /* Pods-RxSwiftExampleUITests.release.xcconfig */;
			buildSettings = {
				ALWAYS_EMBED_SWIFT_STANDARD_LIBRARIES = YES;
				CODE_SIGN_STYLE = Automatic;
				INFOPLIST_FILE = RxSwiftExampleUITests/Info.plist;
				LD_RUNPATH_SEARCH_PATHS = "$(inherited) @executable_path/Frameworks @loader_path/Frameworks";
				PRODUCT_BUNDLE_IDENTIFIER = com.mobdev.RxSwiftExampleUITests;
				PRODUCT_NAME = "$(TARGET_NAME)";
				SWIFT_VERSION = 4.0;
				TARGETED_DEVICE_FAMILY = "1,2";
				TEST_TARGET_NAME = RxSwiftExample;
			};
			name = Release;
		};
/* End XCBuildConfiguration section */

/* Begin XCConfigurationList section */
		1E0FE49820350B6C00F3798B /* Build configuration list for PBXProject "RxSwiftExample" */ = {
			isa = XCConfigurationList;
			buildConfigurations = (
				1E0FE4C320350B6C00F3798B /* Debug */,
				1E0FE4C420350B6C00F3798B /* Release */,
			);
			defaultConfigurationIsVisible = 0;
			defaultConfigurationName = Release;
		};
		1E0FE4C520350B6C00F3798B /* Build configuration list for PBXNativeTarget "RxSwiftExample" */ = {
			isa = XCConfigurationList;
			buildConfigurations = (
				1E0FE4C620350B6C00F3798B /* Debug */,
				1E0FE4C720350B6C00F3798B /* Release */,
			);
			defaultConfigurationIsVisible = 0;
			defaultConfigurationName = Release;
		};
		1E0FE4C820350B6C00F3798B /* Build configuration list for PBXNativeTarget "RxSwiftExampleTests" */ = {
			isa = XCConfigurationList;
			buildConfigurations = (
				1E0FE4C920350B6C00F3798B /* Debug */,
				1E0FE4CA20350B6C00F3798B /* Release */,
			);
			defaultConfigurationIsVisible = 0;
			defaultConfigurationName = Release;
		};
		1E0FE4CB20350B6C00F3798B /* Build configuration list for PBXNativeTarget "RxSwiftExampleUITests" */ = {
			isa = XCConfigurationList;
			buildConfigurations = (
				1E0FE4CC20350B6C00F3798B /* Debug */,
				1E0FE4CD20350B6C00F3798B /* Release */,
			);
			defaultConfigurationIsVisible = 0;
			defaultConfigurationName = Release;
		};
/* End XCConfigurationList section */
	};
	rootObject = 1E0FE49520350B6C00F3798B /* Project object */;
}
